
Microsoft Visual Studio Solution File, Format Version 12.00
# Visual Studio Version 16
VisualStudioVersion = 16.0.30523.141
MinimumVisualStudioVersion = 10.0.40219.1
Project("{9A19103F-16F7-4668-BE54-9A1E7A4F7556}") = "RetornaJuros", "RetornaJuros.csproj", "{0371A054-3B8D-4FCD-B13B-B63A5FD7E09C}"
EndProject
Project("{FAE04EC0-301F-11D3-BF4B-00C04F79EFBC}") = "TestUnitResJuros", "..\TestUnitResJuros\TestUnitResJuros.csproj", "{EEED8CDE-E523-4418-ACF1-14A80DBEBD56}"
EndProject
Global
	GlobalSection(SolutionConfigurationPlatforms) = preSolution
		Debug|Any CPU = Debug|Any CPU
		Release|Any CPU = Release|Any CPU
	EndGlobalSection
	GlobalSection(ProjectConfigurationPlatforms) = postSolution
		{0371A054-3B8D-4FCD-B13B-B63A5FD7E09C}.Debug|Any CPU.ActiveCfg = Debug|Any CPU
		{0371A054-3B8D-4FCD-B13B-B63A5FD7E09C}.Debug|Any CPU.Build.0 = Debug|Any CPU
		{0371A054-3B8D-4FCD-B13B-B63A5FD7E09C}.Release|Any CPU.ActiveCfg = Release|Any CPU
		{0371A054-3B8D-4FCD-B13B-B63A5FD7E09C}.Release|Any CPU.Build.0 = Release|Any CPU
		{EEED8CDE-E523-4418-ACF1-14A80DBEBD56}.Debug|Any CPU.ActiveCfg = Debug|Any CPU
		{EEED8CDE-E523-4418-ACF1-14A80DBEBD56}.Debug|Any CPU.Build.0 = Debug|Any CPU
		{EEED8CDE-E523-4418-ACF1-14A80DBEBD56}.Release|Any CPU.ActiveCfg = Release|Any CPU
		{EEED8CDE-E523-4418-ACF1-14A80DBEBD56}.Release|Any CPU.Build.0 = Release|Any CPU
	EndGlobalSection
	GlobalSection(SolutionProperties) = preSolution
		HideSolutionNode = FALSE
	EndGlobalSection
	GlobalSection(ExtensibilityGlobals) = postSolution
		SolutionGuid = {A6989F69-F81B-44F0-B70A-9895B2052115}
	EndGlobalSection
EndGlobal
